
Microsoft Visual Studio Solution File, Format Version 12.00
# Visual Studio Version 17
VisualStudioVersion = 17.2.32516.85
MinimumVisualStudioVersion = 10.0.40219.1
Project("{2150E333-8FDC-42A3-9474-1A3956D46DE8}") = "src", "src", "{47E9105B-48BD-4E2B-8661-34047AB430CF}"
EndProject
Project("{2150E333-8FDC-42A3-9474-1A3956D46DE8}") = "Api", "Api", "{DCEA8934-6DBB-4B5C-AB0A-1CC7EFEA8FAB}"
EndProject
Project("{2150E333-8FDC-42A3-9474-1A3956D46DE8}") = "Common", "Common", "{950EFE8D-A071-4B59-9A6E-7FCA7DEB43AB}"
EndProject
Project("{2150E333-8FDC-42A3-9474-1A3956D46DE8}") = "Projections", "Projections", "{B3676F8B-AFC3-45BF-A525-1B8B3CB1F93D}"
EndProject
Project("{2150E333-8FDC-42A3-9474-1A3956D46DE8}") = "Core", "Core", "{E57250B6-6FA6-4DEA-8998-3C3E91823B29}"
EndProject
Project("{2150E333-8FDC-42A3-9474-1A3956D46DE8}") = "Infrastructure", "Infrastructure", "{6B567C19-7236-4949-9567-4CDA6AD281CF}"
EndProject
Project("{2150E333-8FDC-42A3-9474-1A3956D46DE8}") = "WebApi", "WebApi", "{9574F416-34ED-440B-B696-69946DBC0E6D}"
EndProject
Project("{FAE04EC0-301F-11D3-BF4B-00C04F79EFBC}") = "BlogApplication.Common", "src\Common\BlogApplication.Common\BlogApplication.Common.csproj", "{9FA3D8E0-BBCD-4E77-B0A6-E5D5A00A8015}"
EndProject
Project("{FAE04EC0-301F-11D3-BF4B-00C04F79EFBC}") = "BlogApplication.Api.Domain", "src\Api\Core\BlogApplication.Api.Domain\BlogApplication.Api.Domain.csproj", "{1ECDD011-420E-4A79-A513-1CCF22D209B7}"
EndProject
Project("{FAE04EC0-301F-11D3-BF4B-00C04F79EFBC}") = "BlogApplication.Api.Application", "src\Api\Core\BlogApplication.Api.Application\BlogApplication.Api.Application.csproj", "{3A3E225C-D43B-432D-9CC0-0863D7048F75}"
EndProject
Project("{FAE04EC0-301F-11D3-BF4B-00C04F79EFBC}") = "BlogApplication.Infrastructure.Persistence", "src\Api\Infrastructure\BlogApplication.Infrastructure.Persistence\BlogApplication.Infrastructure.Persistence.csproj", "{D9A4DF0E-98B5-4632-9D31-D424EAB25C53}"
EndProject
Project("{FAE04EC0-301F-11D3-BF4B-00C04F79EFBC}") = "BlogApplication.Api.WebApi", "src\Api\WebApi\BlogApplication.Api.WebApi\BlogApplication.Api.WebApi.csproj", "{C572F180-1098-4513-B85E-FA9CAC224726}"
EndProject
Project("{FAE04EC0-301F-11D3-BF4B-00C04F79EFBC}") = "BlogApplication.Projections.FavoriteService", "src\Projections\BlogApplication.Projections.FavoriteService\BlogApplication.Projections.FavoriteService.csproj", "{15FA3BA4-49F0-4D93-AE67-465535BEC825}"
EndProject
Project("{FAE04EC0-301F-11D3-BF4B-00C04F79EFBC}") = "BlogApplication.Projections.UserService", "src\Projections\BlogApplication.Projections.UserService\BlogApplication.Projections.UserService.csproj", "{5EBFE7D2-CFCA-4A42-A510-04063A05D1D7}"
EndProject
Project("{FAE04EC0-301F-11D3-BF4B-00C04F79EFBC}") = "BlogApplication.Projections.LikedService", "src\Projections\BlogApplication.Projections.LikedService\BlogApplication.Projections.LikedService.csproj", "{143E7209-C7CE-4AAA-A625-B385B51CB165}"
EndProject
Global
	GlobalSection(SolutionConfigurationPlatforms) = preSolution
		Debug|Any CPU = Debug|Any CPU
		Release|Any CPU = Release|Any CPU
	EndGlobalSection
	GlobalSection(ProjectConfigurationPlatforms) = postSolution
		{9FA3D8E0-BBCD-4E77-B0A6-E5D5A00A8015}.Debug|Any CPU.ActiveCfg = Debug|Any CPU
		{9FA3D8E0-BBCD-4E77-B0A6-E5D5A00A8015}.Debug|Any CPU.Build.0 = Debug|Any CPU
		{9FA3D8E0-BBCD-4E77-B0A6-E5D5A00A8015}.Release|Any CPU.ActiveCfg = Release|Any CPU
		{9FA3D8E0-BBCD-4E77-B0A6-E5D5A00A8015}.Release|Any CPU.Build.0 = Release|Any CPU
		{1ECDD011-420E-4A79-A513-1CCF22D209B7}.Debug|Any CPU.ActiveCfg = Debug|Any CPU
		{1ECDD011-420E-4A79-A513-1CCF22D209B7}.Debug|Any CPU.Build.0 = Debug|Any CPU
		{1ECDD011-420E-4A79-A513-1CCF22D209B7}.Release|Any CPU.ActiveCfg = Release|Any CPU
		{1ECDD011-420E-4A79-A513-1CCF22D209B7}.Release|Any CPU.Build.0 = Release|Any CPU
		{3A3E225C-D43B-432D-9CC0-0863D7048F75}.Debug|Any CPU.ActiveCfg = Debug|Any CPU
		{3A3E225C-D43B-432D-9CC0-0863D7048F75}.Debug|Any CPU.Build.0 = Debug|Any CPU
		{3A3E225C-D43B-432D-9CC0-0863D7048F75}.Release|Any CPU.ActiveCfg = Release|Any CPU
		{3A3E225C-D43B-432D-9CC0-0863D7048F75}.Release|Any CPU.Build.0 = Release|Any CPU
		{D9A4DF0E-98B5-4632-9D31-D424EAB25C53}.Debug|Any CPU.ActiveCfg = Debug|Any CPU
		{D9A4DF0E-98B5-4632-9D31-D424EAB25C53}.Debug|Any CPU.Build.0 = Debug|Any CPU
		{D9A4DF0E-98B5-4632-9D31-D424EAB25C53}.Release|Any CPU.ActiveCfg = Release|Any CPU
		{D9A4DF0E-98B5-4632-9D31-D424EAB25C53}.Release|Any CPU.Build.0 = Release|Any CPU
		{C572F180-1098-4513-B85E-FA9CAC224726}.Debug|Any CPU.ActiveCfg = Debug|Any CPU
		{C572F180-1098-4513-B85E-FA9CAC224726}.Debug|Any CPU.Build.0 = Debug|Any CPU
		{C572F180-1098-4513-B85E-FA9CAC224726}.Release|Any CPU.ActiveCfg = Release|Any CPU
		{C572F180-1098-4513-B85E-FA9CAC224726}.Release|Any CPU.Build.0 = Release|Any CPU
		{15FA3BA4-49F0-4D93-AE67-465535BEC825}.Debug|Any CPU.ActiveCfg = Debug|Any CPU
		{15FA3BA4-49F0-4D93-AE67-465535BEC825}.Debug|Any CPU.Build.0 = Debug|Any CPU
		{15FA3BA4-49F0-4D93-AE67-465535BEC825}.Release|Any CPU.ActiveCfg = Release|Any CPU
		{15FA3BA4-49F0-4D93-AE67-465535BEC825}.Release|Any CPU.Build.0 = Release|Any CPU
		{5EBFE7D2-CFCA-4A42-A510-04063A05D1D7}.Debug|Any CPU.ActiveCfg = Debug|Any CPU
		{5EBFE7D2-CFCA-4A42-A510-04063A05D1D7}.Debug|Any CPU.Build.0 = Debug|Any CPU
		{5EBFE7D2-CFCA-4A42-A510-04063A05D1D7}.Release|Any CPU.ActiveCfg = Release|Any CPU
		{5EBFE7D2-CFCA-4A42-A510-04063A05D1D7}.Release|Any CPU.Build.0 = Release|Any CPU
		{143E7209-C7CE-4AAA-A625-B385B51CB165}.Debug|Any CPU.ActiveCfg = Debug|Any CPU
		{143E7209-C7CE-4AAA-A625-B385B51CB165}.Debug|Any CPU.Build.0 = Debug|Any CPU
		{143E7209-C7CE-4AAA-A625-B385B51CB165}.Release|Any CPU.ActiveCfg = Release|Any CPU
		{143E7209-C7CE-4AAA-A625-B385B51CB165}.Release|Any CPU.Build.0 = Release|Any CPU
	EndGlobalSection
	GlobalSection(SolutionProperties) = preSolution
		HideSolutionNode = FALSE
	EndGlobalSection
	GlobalSection(NestedProjects) = preSolution
		{DCEA8934-6DBB-4B5C-AB0A-1CC7EFEA8FAB} = {47E9105B-48BD-4E2B-8661-34047AB430CF}
		{950EFE8D-A071-4B59-9A6E-7FCA7DEB43AB} = {47E9105B-48BD-4E2B-8661-34047AB430CF}
		{B3676F8B-AFC3-45BF-A525-1B8B3CB1F93D} = {47E9105B-48BD-4E2B-8661-34047AB430CF}
		{E57250B6-6FA6-4DEA-8998-3C3E91823B29} = {DCEA8934-6DBB-4B5C-AB0A-1CC7EFEA8FAB}
		{6B567C19-7236-4949-9567-4CDA6AD281CF} = {DCEA8934-6DBB-4B5C-AB0A-1CC7EFEA8FAB}
		{9574F416-34ED-440B-B696-69946DBC0E6D} = {DCEA8934-6DBB-4B5C-AB0A-1CC7EFEA8FAB}
		{9FA3D8E0-BBCD-4E77-B0A6-E5D5A00A8015} = {950EFE8D-A071-4B59-9A6E-7FCA7DEB43AB}
		{1ECDD011-420E-4A79-A513-1CCF22D209B7} = {E57250B6-6FA6-4DEA-8998-3C3E91823B29}
		{3A3E225C-D43B-432D-9CC0-0863D7048F75} = {E57250B6-6FA6-4DEA-8998-3C3E91823B29}
		{D9A4DF0E-98B5-4632-9D31-D424EAB25C53} = {6B567C19-7236-4949-9567-4CDA6AD281CF}
		{C572F180-1098-4513-B85E-FA9CAC224726} = {9574F416-34ED-440B-B696-69946DBC0E6D}
		{15FA3BA4-49F0-4D93-AE67-465535BEC825} = {B3676F8B-AFC3-45BF-A525-1B8B3CB1F93D}
		{5EBFE7D2-CFCA-4A42-A510-04063A05D1D7} = {B3676F8B-AFC3-45BF-A525-1B8B3CB1F93D}
		{143E7209-C7CE-4AAA-A625-B385B51CB165} = {B3676F8B-AFC3-45BF-A525-1B8B3CB1F93D}
	EndGlobalSection
	GlobalSection(ExtensibilityGlobals) = postSolution
		SolutionGuid = {5CAA1E22-7A30-48CE-A12C-6AD6DD0071CB}
	EndGlobalSection
EndGlobal
